
Microsoft Visual Studio Solution File, Format Version 12.00
# Visual Studio Version 17
VisualStudioVersion = 17.3.32825.248
MinimumVisualStudioVersion = 10.0.40219.1
Project("{FAE04EC0-301F-11D3-BF4B-00C04F79EFBC}") = "Factorial", "Factorial.csproj", "{62FDF055-96C1-40E4-9533-11030AA3D5A2}"
EndProject
Global
	GlobalSection(SolutionConfigurationPlatforms) = preSolution
		Debug|Any CPU = Debug|Any CPU
		Release|Any CPU = Release|Any CPU
	EndGlobalSection
	GlobalSection(ProjectConfigurationPlatforms) = postSolution
		{62FDF055-96C1-40E4-9533-11030AA3D5A2}.Debug|Any CPU.ActiveCfg = Debug|Any CPU
		{62FDF055-96C1-40E4-9533-11030AA3D5A2}.Debug|Any CPU.Build.0 = Debug|Any CPU
		{62FDF055-96C1-40E4-9533-11030AA3D5A2}.Release|Any CPU.ActiveCfg = Release|Any CPU
		{62FDF055-96C1-40E4-9533-11030AA3D5A2}.Release|Any CPU.Build.0 = Release|Any CPU
	EndGlobalSection
	GlobalSection(SolutionProperties) = preSolution
		HideSolutionNode = FALSE
	EndGlobalSection
	GlobalSection(ExtensibilityGlobals) = postSolution
		SolutionGuid = {8E8B7E34-8CCD-47EB-A732-CB80091CBB4B}
	EndGlobalSection
EndGlobal
